{
  "requires": true,
  "lockfileVersion": 1,
  "dependencies": {
    "cadesplugin-crypto-pro-api": {
      "version": "0.9.5",
      "resolved": "https://registry.npmjs.org/cadesplugin-crypto-pro-api/-/cadesplugin-crypto-pro-api-0.9.5.tgz",
      "integrity": "sha512-Ozt9PFILqi802jf7KHSux+NijnGtCYOeDbCQYtDU1NSErHwDjePyjy/OKdB1D00dpNCjzMlNpykVDOrtuH4wwg==",
      "dev": true
    }
  }
}
